{
    "_meta": {
        "hash": {
            "sha256": "8ccd49270165a7e9d5ad9f66b27818a5cbbd70b6abf0f428827b5c1f083fc13f"
        },
        "pipfile-spec": 6,
        "requires": {
            "python_version": "3.13.1"
        },
        "sources": [
            {
                "name": "pypi",
                "url": "https://pypi.org/simple",
                "verify_ssl": true
            }
        ]
    },
    "default": {},
    "develop": {}
}
